
Microsoft Visual Studio Solution File, Format Version 12.00
# Visual Studio Version 16
VisualStudioVersion = 16.0.29613.14
MinimumVisualStudioVersion = 10.0.40219.1
Project("{9A19103F-16F7-4668-BE54-9A1E7A4F7556}") = "Tienda", "Tienda\Tienda.csproj", "{A979D172-5792-4F93-8BEC-118546F3C191}"
EndProject
Global
	GlobalSection(SolutionConfigurationPlatforms) = preSolution
		Debug|Any CPU = Debug|Any CPU
		Release|Any CPU = Release|Any CPU
	EndGlobalSection
	GlobalSection(ProjectConfigurationPlatforms) = postSolution
		{A979D172-5792-4F93-8BEC-118546F3C191}.Debug|Any CPU.ActiveCfg = Debug|Any CPU
		{A979D172-5792-4F93-8BEC-118546F3C191}.Debug|Any CPU.Build.0 = Debug|Any CPU
		{A979D172-5792-4F93-8BEC-118546F3C191}.Release|Any CPU.ActiveCfg = Release|Any CPU
		{A979D172-5792-4F93-8BEC-118546F3C191}.Release|Any CPU.Build.0 = Release|Any CPU
	EndGlobalSection
	GlobalSection(SolutionProperties) = preSolution
		HideSolutionNode = FALSE
	EndGlobalSection
	GlobalSection(ExtensibilityGlobals) = postSolution
		SolutionGuid = {3E73B705-2EA8-468C-B7C4-3B05CB488F20}
	EndGlobalSection
EndGlobal
